// !$*UTF8*$!
{
	archiveVersion = 1;
	classes = {
	};
	objectVersion = 48;
	objects = {

/* Begin PBXBuildFile section */
		2D2462911FE0FA8600713092 /* AppDelegate.swift in Sources */ = {isa = PBXBuildFile; fileRef = 2D2462901FE0FA8600713092 /* AppDelegate.swift */; };
		2D2462981FE0FA8600713092 /* Assets.xcassets in Resources */ = {isa = PBXBuildFile; fileRef = 2D2462971FE0FA8600713092 /* Assets.xcassets */; };
		2D24629B1FE0FA8600713092 /* LaunchScreen.storyboard in Resources */ = {isa = PBXBuildFile; fileRef = 2D2462991FE0FA8600713092 /* LaunchScreen.storyboard */; };
		69D6013D7BD8C257F52E755E /* QuickRecordTableViewCell.swift in Sources */ = {isa = PBXBuildFile; fileRef = 69D6018C6742D0B960D3CED7 /* QuickRecordTableViewCell.swift */; };
		69D6016719A9EBF2258F30BD /* MMConfig.swift in Sources */ = {isa = PBXBuildFile; fileRef = 69D6094CEF6424B731247185 /* MMConfig.swift */; };
		69D601D6701D4D9A5E75EC62 /* HomeViewController.swift in Sources */ = {isa = PBXBuildFile; fileRef = 69D60DC3645798317C910CFD /* HomeViewController.swift */; };
		69D6022B273C1AE68B74D332 /* RecordButton.swift in Sources */ = {isa = PBXBuildFile; fileRef = 69D6084BCF294D8C618FDBAA /* RecordButton.swift */; };
		69D602D71075186817E2C891 /* QuickRecord.swift in Sources */ = {isa = PBXBuildFile; fileRef = 69D6053181973856242A39C0 /* QuickRecord.swift */; };
		69D60342493E9A4C6F8AA900 /* TagCollectionViewFlowLayout.swift in Sources */ = {isa = PBXBuildFile; fileRef = 69D6036D305C7BE89DBF9010 /* TagCollectionViewFlowLayout.swift */; };
		69D603B0EEDE6E7D789210CD /* QuickCreateViewController.swift in Sources */ = {isa = PBXBuildFile; fileRef = 69D6088470F69DED5047EAAF /* QuickCreateViewController.swift */; };
		69D604F5E0044D5A929762ED /* TagCollectionViewCell.swift in Sources */ = {isa = PBXBuildFile; fileRef = 69D60C6659CB4075847F6F86 /* TagCollectionViewCell.swift */; };
		69D60805E4570E4EC3DB005B /* TagCollectionView.swift in Sources */ = {isa = PBXBuildFile; fileRef = 69D6073F4E1647A8CF0D89A4 /* TagCollectionView.swift */; };
		69D609814834B9A86D8C7D47 /* QuickRecordTableView.swift in Sources */ = {isa = PBXBuildFile; fileRef = 69D60030B0FB984D1C489378 /* QuickRecordTableView.swift */; };
		69D60BDBC4A87DCDE73F03D4 /* AmountTextField.swift in Sources */ = {isa = PBXBuildFile; fileRef = 69D60A2A313A58787DF9F847 /* AmountTextField.swift */; };
		69D60E251C8C4D944CE095FC /* ReadOnlyTagCollectionViewCell.swift in Sources */ = {isa = PBXBuildFile; fileRef = 69D60D60D4960E78E95A6E40 /* ReadOnlyTagCollectionViewCell.swift */; };
		69D60E34D6BD9AEE4E7CC9C8 /* AmountLabel.swift in Sources */ = {isa = PBXBuildFile; fileRef = 69D6046DC285DE4948DE065E /* AmountLabel.swift */; };
		69D60ECFD60C5EC8BACACB68 /* MMColor.swift in Sources */ = {isa = PBXBuildFile; fileRef = 69D60AD6C648502F3B79F564 /* MMColor.swift */; };
		69D60F6ABE0138C6DAC95E80 /* TagTextFieldCollectionViewCell.swift in Sources */ = {isa = PBXBuildFile; fileRef = 69D604C6C35C08D7E1DEB7E1 /* TagTextFieldCollectionViewCell.swift */; };
/* End PBXBuildFile section */

/* Begin PBXFileReference section */
		2D24628D1FE0FA8600713092 /* Money Mom.app */ = {isa = PBXFileReference; explicitFileType = wrapper.application; includeInIndex = 0; path = "Money Mom.app"; sourceTree = BUILT_PRODUCTS_DIR; };
		2D2462901FE0FA8600713092 /* AppDelegate.swift */ = {isa = PBXFileReference; lastKnownFileType = sourcecode.swift; path = AppDelegate.swift; sourceTree = "<group>"; };
		2D2462971FE0FA8600713092 /* Assets.xcassets */ = {isa = PBXFileReference; lastKnownFileType = folder.assetcatalog; path = Assets.xcassets; sourceTree = "<group>"; };
		2D24629A1FE0FA8600713092 /* Base */ = {isa = PBXFileReference; lastKnownFileType = file.storyboard; name = Base; path = Base.lproj/LaunchScreen.storyboard; sourceTree = "<group>"; };
		2D24629C1FE0FA8600713092 /* Info.plist */ = {isa = PBXFileReference; lastKnownFileType = text.plist.xml; path = Info.plist; sourceTree = "<group>"; };
		69D60030B0FB984D1C489378 /* QuickRecordTableView.swift */ = {isa = PBXFileReference; fileEncoding = 4; lastKnownFileType = sourcecode.swift; path = QuickRecordTableView.swift; sourceTree = "<group>"; };
		69D6018C6742D0B960D3CED7 /* QuickRecordTableViewCell.swift */ = {isa = PBXFileReference; fileEncoding = 4; lastKnownFileType = sourcecode.swift; path = QuickRecordTableViewCell.swift; sourceTree = "<group>"; };
		69D6036D305C7BE89DBF9010 /* TagCollectionViewFlowLayout.swift */ = {isa = PBXFileReference; fileEncoding = 4; lastKnownFileType = sourcecode.swift; path = TagCollectionViewFlowLayout.swift; sourceTree = "<group>"; };
		69D6046DC285DE4948DE065E /* AmountLabel.swift */ = {isa = PBXFileReference; fileEncoding = 4; lastKnownFileType = sourcecode.swift; path = AmountLabel.swift; sourceTree = "<group>"; };
		69D604C6C35C08D7E1DEB7E1 /* TagTextFieldCollectionViewCell.swift */ = {isa = PBXFileReference; fileEncoding = 4; lastKnownFileType = sourcecode.swift; path = TagTextFieldCollectionViewCell.swift; sourceTree = "<group>"; };
		69D6053181973856242A39C0 /* QuickRecord.swift */ = {isa = PBXFileReference; fileEncoding = 4; lastKnownFileType = sourcecode.swift; path = QuickRecord.swift; sourceTree = "<group>"; };
		69D6073F4E1647A8CF0D89A4 /* TagCollectionView.swift */ = {isa = PBXFileReference; fileEncoding = 4; lastKnownFileType = sourcecode.swift; path = TagCollectionView.swift; sourceTree = "<group>"; };
		69D6084BCF294D8C618FDBAA /* RecordButton.swift */ = {isa = PBXFileReference; fileEncoding = 4; lastKnownFileType = sourcecode.swift; path = RecordButton.swift; sourceTree = "<group>"; };
		69D6088470F69DED5047EAAF /* QuickCreateViewController.swift */ = {isa = PBXFileReference; fileEncoding = 4; lastKnownFileType = sourcecode.swift; path = QuickCreateViewController.swift; sourceTree = "<group>"; };
		69D6094CEF6424B731247185 /* MMConfig.swift */ = {isa = PBXFileReference; fileEncoding = 4; lastKnownFileType = sourcecode.swift; path = MMConfig.swift; sourceTree = "<group>"; };
		69D60A2A313A58787DF9F847 /* AmountTextField.swift */ = {isa = PBXFileReference; fileEncoding = 4; lastKnownFileType = sourcecode.swift; path = AmountTextField.swift; sourceTree = "<group>"; };
		69D60AD6C648502F3B79F564 /* MMColor.swift */ = {isa = PBXFileReference; fileEncoding = 4; lastKnownFileType = sourcecode.swift; path = MMColor.swift; sourceTree = "<group>"; };
		69D60C6659CB4075847F6F86 /* TagCollectionViewCell.swift */ = {isa = PBXFileReference; fileEncoding = 4; lastKnownFileType = sourcecode.swift; path = TagCollectionViewCell.swift; sourceTree = "<group>"; };
		69D60D60D4960E78E95A6E40 /* ReadOnlyTagCollectionViewCell.swift */ = {isa = PBXFileReference; fileEncoding = 4; lastKnownFileType = sourcecode.swift; path = ReadOnlyTagCollectionViewCell.swift; sourceTree = "<group>"; };
		69D60DC3645798317C910CFD /* HomeViewController.swift */ = {isa = PBXFileReference; fileEncoding = 4; lastKnownFileType = sourcecode.swift; path = HomeViewController.swift; sourceTree = "<group>"; };
/* End PBXFileReference section */

/* Begin PBXFrameworksBuildPhase section */
		2D24628A1FE0FA8600713092 /* Frameworks */ = {
			isa = PBXFrameworksBuildPhase;
			buildActionMask = 2147483647;
			files = (
			);
			runOnlyForDeploymentPostprocessing = 0;
		};
/* End PBXFrameworksBuildPhase section */

/* Begin PBXGroup section */
		2D2462841FE0FA8600713092 = {
			isa = PBXGroup;
			children = (
				2D24628F1FE0FA8600713092 /* Money Mom */,
				2D24628E1FE0FA8600713092 /* Products */,
			);
			sourceTree = "<group>";
		};
		2D24628E1FE0FA8600713092 /* Products */ = {
			isa = PBXGroup;
			children = (
				2D24628D1FE0FA8600713092 /* Money Mom.app */,
			);
			name = Products;
			sourceTree = "<group>";
		};
		2D24628F1FE0FA8600713092 /* Money Mom */ = {
			isa = PBXGroup;
			children = (
				2D2462901FE0FA8600713092 /* AppDelegate.swift */,
				2D2462971FE0FA8600713092 /* Assets.xcassets */,
				2D2462991FE0FA8600713092 /* LaunchScreen.storyboard */,
				2D24629C1FE0FA8600713092 /* Info.plist */,
				69D60AD6C648502F3B79F564 /* MMColor.swift */,
				69D6023775D4C6315D3DF30A /* Controller */,
				69D6015EBDBCBEBDB79F8092 /* Component */,
				69D6088A3B8CF0C0EE233ADD /* Entity */,
				69D6094CEF6424B731247185 /* MMConfig.swift */,
			);
			path = "Money Mom";
			sourceTree = "<group>";
		};
		69D6015EBDBCBEBDB79F8092 /* Component */ = {
			isa = PBXGroup;
			children = (
				69D603FBDD7005D55280DA12 /* TagCollectionView */,
				69D60A109F1D80D43B1D4C7A /* QuickRecordTableView */,
				69D60C1D5040A1D4DB8D47A4 /* AmountTextField */,
				69D60ABA17A5E25A604DF970 /* RecordButton */,
				69D603BE3F04C0EFBF3A8BF5 /* AmountLabel */,
			);
			path = Component;
			sourceTree = "<group>";
		};
		69D6023775D4C6315D3DF30A /* Controller */ = {
			isa = PBXGroup;
			children = (
				69D60DC3645798317C910CFD /* HomeViewController.swift */,
				69D6088470F69DED5047EAAF /* QuickCreateViewController.swift */,
			);
			path = Controller;
			sourceTree = "<group>";
		};
		69D603BE3F04C0EFBF3A8BF5 /* AmountLabel */ = {
			isa = PBXGroup;
			children = (
				69D6046DC285DE4948DE065E /* AmountLabel.swift */,
			);
			path = AmountLabel;
			sourceTree = "<group>";
		};
		69D603FBDD7005D55280DA12 /* TagCollectionView */ = {
			isa = PBXGroup;
			children = (
				69D60C6659CB4075847F6F86 /* TagCollectionViewCell.swift */,
				69D604C6C35C08D7E1DEB7E1 /* TagTextFieldCollectionViewCell.swift */,
				69D6036D305C7BE89DBF9010 /* TagCollectionViewFlowLayout.swift */,
				69D60D60D4960E78E95A6E40 /* ReadOnlyTagCollectionViewCell.swift */,
				69D6073F4E1647A8CF0D89A4 /* TagCollectionView.swift */,
			);
			path = TagCollectionView;
			sourceTree = "<group>";
		};
		69D6088A3B8CF0C0EE233ADD /* Entity */ = {
			isa = PBXGroup;
			children = (
				69D6053181973856242A39C0 /* QuickRecord.swift */,
			);
			path = Entity;
			sourceTree = "<group>";
		};
		69D60A109F1D80D43B1D4C7A /* QuickRecordTableView */ = {
			isa = PBXGroup;
			children = (
				69D6018C6742D0B960D3CED7 /* QuickRecordTableViewCell.swift */,
				69D60030B0FB984D1C489378 /* QuickRecordTableView.swift */,
			);
			path = QuickRecordTableView;
			sourceTree = "<group>";
		};
		69D60ABA17A5E25A604DF970 /* RecordButton */ = {
			isa = PBXGroup;
			children = (
				69D6084BCF294D8C618FDBAA /* RecordButton.swift */,
			);
			path = RecordButton;
			sourceTree = "<group>";
		};
		69D60C1D5040A1D4DB8D47A4 /* AmountTextField */ = {
			isa = PBXGroup;
			children = (
				69D60A2A313A58787DF9F847 /* AmountTextField.swift */,
			);
			path = AmountTextField;
			sourceTree = "<group>";
		};
/* End PBXGroup section */

/* Begin PBXNativeTarget section */
		2D24628C1FE0FA8600713092 /* Money Mom */ = {
			isa = PBXNativeTarget;
			buildConfigurationList = 2D24629F1FE0FA8600713092 /* Build configuration list for PBXNativeTarget "Money Mom" */;
			buildPhases = (
				2D2462891FE0FA8600713092 /* Sources */,
				2D24628A1FE0FA8600713092 /* Frameworks */,
				2D24628B1FE0FA8600713092 /* Resources */,
			);
			buildRules = (
			);
			dependencies = (
			);
			name = "Money Mom";
			productName = "Money Mom";
			productReference = 2D24628D1FE0FA8600713092 /* Money Mom.app */;
			productType = "com.apple.product-type.application";
		};
/* End PBXNativeTarget section */

/* Begin PBXProject section */
		2D2462851FE0FA8600713092 /* Project object */ = {
			isa = PBXProject;
			attributes = {
				LastSwiftUpdateCheck = 0920;
				LastUpgradeCheck = 0920;
				ORGANIZATIONNAME = "Andy Tsai";
				TargetAttributes = {
					2D24628C1FE0FA8600713092 = {
						CreatedOnToolsVersion = 9.2;
						ProvisioningStyle = Automatic;
					};
				};
			};
			buildConfigurationList = 2D2462881FE0FA8600713092 /* Build configuration list for PBXProject "Money Mom" */;
			compatibilityVersion = "Xcode 8.0";
			developmentRegion = en;
			hasScannedForEncodings = 0;
			knownRegions = (
				en,
				Base,
			);
			mainGroup = 2D2462841FE0FA8600713092;
			productRefGroup = 2D24628E1FE0FA8600713092 /* Products */;
			projectDirPath = "";
			projectRoot = "";
			targets = (
				2D24628C1FE0FA8600713092 /* Money Mom */,
			);
		};
/* End PBXProject section */

/* Begin PBXResourcesBuildPhase section */
		2D24628B1FE0FA8600713092 /* Resources */ = {
			isa = PBXResourcesBuildPhase;
			buildActionMask = 2147483647;
			files = (
				2D24629B1FE0FA8600713092 /* LaunchScreen.storyboard in Resources */,
				2D2462981FE0FA8600713092 /* Assets.xcassets in Resources */,
			);
			runOnlyForDeploymentPostprocessing = 0;
		};
/* End PBXResourcesBuildPhase section */

/* Begin PBXSourcesBuildPhase section */
		2D2462891FE0FA8600713092 /* Sources */ = {
			isa = PBXSourcesBuildPhase;
			buildActionMask = 2147483647;
			files = (
				2D2462911FE0FA8600713092 /* AppDelegate.swift in Sources */,
				69D60ECFD60C5EC8BACACB68 /* MMColor.swift in Sources */,
				69D601D6701D4D9A5E75EC62 /* HomeViewController.swift in Sources */,
				69D603B0EEDE6E7D789210CD /* QuickCreateViewController.swift in Sources */,
				69D604F5E0044D5A929762ED /* TagCollectionViewCell.swift in Sources */,
				69D60F6ABE0138C6DAC95E80 /* TagTextFieldCollectionViewCell.swift in Sources */,
				69D60342493E9A4C6F8AA900 /* TagCollectionViewFlowLayout.swift in Sources */,
				69D602D71075186817E2C891 /* QuickRecord.swift in Sources */,
				69D6013D7BD8C257F52E755E /* QuickRecordTableViewCell.swift in Sources */,
				69D60E251C8C4D944CE095FC /* ReadOnlyTagCollectionViewCell.swift in Sources */,
				69D6016719A9EBF2258F30BD /* MMConfig.swift in Sources */,
				69D609814834B9A86D8C7D47 /* QuickRecordTableView.swift in Sources */,
				69D60BDBC4A87DCDE73F03D4 /* AmountTextField.swift in Sources */,
				69D6022B273C1AE68B74D332 /* RecordButton.swift in Sources */,
				69D60805E4570E4EC3DB005B /* TagCollectionView.swift in Sources */,
				69D60E34D6BD9AEE4E7CC9C8 /* AmountLabel.swift in Sources */,
			);
			runOnlyForDeploymentPostprocessing = 0;
		};
/* End PBXSourcesBuildPhase section */

/* Begin PBXVariantGroup section */
		2D2462991FE0FA8600713092 /* LaunchScreen.storyboard */ = {
			isa = PBXVariantGroup;
			children = (
				2D24629A1FE0FA8600713092 /* Base */,
			);
			name = LaunchScreen.storyboard;
			sourceTree = "<group>";
		};
/* End PBXVariantGroup section */

/* Begin XCBuildConfiguration section */
		2D24629D1FE0FA8600713092 /* Debug */ = {
			isa = XCBuildConfiguration;
			buildSettings = {
				ALWAYS_SEARCH_USER_PATHS = NO;
				CLANG_ANALYZER_NONNULL = YES;
				CLANG_ANALYZER_NUMBER_OBJECT_CONVERSION = YES_AGGRESSIVE;
				CLANG_CXX_LANGUAGE_STANDARD = "gnu++14";
				CLANG_CXX_LIBRARY = "libc++";
				CLANG_ENABLE_MODULES = YES;
				CLANG_ENABLE_OBJC_ARC = YES;
				CLANG_WARN_BLOCK_CAPTURE_AUTORELEASING = YES;
				CLANG_WARN_BOOL_CONVERSION = YES;
				CLANG_WARN_COMMA = YES;
				CLANG_WARN_CONSTANT_CONVERSION = YES;
				CLANG_WARN_DIRECT_OBJC_ISA_USAGE = YES_ERROR;
				CLANG_WARN_DOCUMENTATION_COMMENTS = YES;
				CLANG_WARN_EMPTY_BODY = YES;
				CLANG_WARN_ENUM_CONVERSION = YES;
				CLANG_WARN_INFINITE_RECURSION = YES;
				CLANG_WARN_INT_CONVERSION = YES;
				CLANG_WARN_NON_LITERAL_NULL_CONVERSION = YES;
				CLANG_WARN_OBJC_LITERAL_CONVERSION = YES;
				CLANG_WARN_OBJC_ROOT_CLASS = YES_ERROR;
				CLANG_WARN_RANGE_LOOP_ANALYSIS = YES;
				CLANG_WARN_STRICT_PROTOTYPES = YES;
				CLANG_WARN_SUSPICIOUS_MOVE = YES;
				CLANG_WARN_UNGUARDED_AVAILABILITY = YES_AGGRESSIVE;
				CLANG_WARN_UNREACHABLE_CODE = YES;
				CLANG_WARN__DUPLICATE_METHOD_MATCH = YES;
				CODE_SIGN_IDENTITY = "iPhone Developer";
				COPY_PHASE_STRIP = NO;
				DEBUG_INFORMATION_FORMAT = dwarf;
				ENABLE_STRICT_OBJC_MSGSEND = YES;
				ENABLE_TESTABILITY = YES;
				GCC_C_LANGUAGE_STANDARD = gnu11;
				GCC_DYNAMIC_NO_PIC = NO;
				GCC_NO_COMMON_BLOCKS = YES;
				GCC_OPTIMIZATION_LEVEL = 0;
				GCC_PREPROCESSOR_DEFINITIONS = (
					"DEBUG=1",
					"$(inherited)",
				);
				GCC_WARN_64_TO_32_BIT_CONVERSION = YES;
				GCC_WARN_ABOUT_RETURN_TYPE = YES_ERROR;
				GCC_WARN_UNDECLARED_SELECTOR = YES;
				GCC_WARN_UNINITIALIZED_AUTOS = YES_AGGRESSIVE;
				GCC_WARN_UNUSED_FUNCTION = YES;
				GCC_WARN_UNUSED_VARIABLE = YES;
				IPHONEOS_DEPLOYMENT_TARGET = 11.2;
				MTL_ENABLE_DEBUG_INFO = YES;
				ONLY_ACTIVE_ARCH = YES;
				SDKROOT = iphoneos;
				SWIFT_ACTIVE_COMPILATION_CONDITIONS = DEBUG;
				SWIFT_OPTIMIZATION_LEVEL = "-Onone";
			};
			name = Debug;
		};
		2D24629E1FE0FA8600713092 /* Release */ = {
			isa = XCBuildConfiguration;
			buildSettings = {
				ALWAYS_SEARCH_USER_PATHS = NO;
				CLANG_ANALYZER_NONNULL = YES;
				CLANG_ANALYZER_NUMBER_OBJECT_CONVERSION = YES_AGGRESSIVE;
				CLANG_CXX_LANGUAGE_STANDARD = "gnu++14";
				CLANG_CXX_LIBRARY = "libc++";
				CLANG_ENABLE_MODULES = YES;
				CLANG_ENABLE_OBJC_ARC = YES;
				CLANG_WARN_BLOCK_CAPTURE_AUTORELEASING = YES;
				CLANG_WARN_BOOL_CONVERSION = YES;
				CLANG_WARN_COMMA = YES;
				CLANG_WARN_CONSTANT_CONVERSION = YES;
				CLANG_WARN_DIRECT_OBJC_ISA_USAGE = YES_ERROR;
				CLANG_WARN_DOCUMENTATION_COMMENTS = YES;
				CLANG_WARN_EMPTY_BODY = YES;
				CLANG_WARN_ENUM_CONVERSION = YES;
				CLANG_WARN_INFINITE_RECURSION = YES;
				CLANG_WARN_INT_CONVERSION = YES;
				CLANG_WARN_NON_LITERAL_NULL_CONVERSION = YES;
				CLANG_WARN_OBJC_LITERAL_CONVERSION = YES;
				CLANG_WARN_OBJC_ROOT_CLASS = YES_ERROR;
				CLANG_WARN_RANGE_LOOP_ANALYSIS = YES;
				CLANG_WARN_STRICT_PROTOTYPES = YES;
				CLANG_WARN_SUSPICIOUS_MOVE = YES;
				CLANG_WARN_UNGUARDED_AVAILABILITY = YES_AGGRESSIVE;
				CLANG_WARN_UNREACHABLE_CODE = YES;
				CLANG_WARN__DUPLICATE_METHOD_MATCH = YES;
				CODE_SIGN_IDENTITY = "iPhone Developer";
				COPY_PHASE_STRIP = NO;
				DEBUG_INFORMATION_FORMAT = "dwarf-with-dsym";
				ENABLE_NS_ASSERTIONS = NO;
				ENABLE_STRICT_OBJC_MSGSEND = YES;
				GCC_C_LANGUAGE_STANDARD = gnu11;
				GCC_NO_COMMON_BLOCKS = YES;
				GCC_WARN_64_TO_32_BIT_CONVERSION = YES;
				GCC_WARN_ABOUT_RETURN_TYPE = YES_ERROR;
				GCC_WARN_UNDECLARED_SELECTOR = YES;
				GCC_WARN_UNINITIALIZED_AUTOS = YES_AGGRESSIVE;
				GCC_WARN_UNUSED_FUNCTION = YES;
				GCC_WARN_UNUSED_VARIABLE = YES;
				IPHONEOS_DEPLOYMENT_TARGET = 11.2;
				MTL_ENABLE_DEBUG_INFO = NO;
				SDKROOT = iphoneos;
				SWIFT_OPTIMIZATION_LEVEL = "-Owholemodule";
				VALIDATE_PRODUCT = YES;
			};
			name = Release;
		};
		2D2462A01FE0FA8600713092 /* Debug */ = {
			isa = XCBuildConfiguration;
			buildSettings = {
				ASSETCATALOG_COMPILER_APPICON_NAME = AppIcon;
				CODE_SIGN_STYLE = Automatic;
				DEVELOPMENT_TEAM = K89GKBEV27;
				INFOPLIST_FILE = "Money Mom/Info.plist";
				LD_RUNPATH_SEARCH_PATHS = "$(inherited) @executable_path/Frameworks";
				PRODUCT_BUNDLE_IDENTIFIER = "me.shavenking.Money-Mom";
				PRODUCT_NAME = "$(TARGET_NAME)";
				SWIFT_VERSION = 4.0;
				TARGETED_DEVICE_FAMILY = "1,2";
			};
			name = Debug;
		};
		2D2462A11FE0FA8600713092 /* Release */ = {
			isa = XCBuildConfiguration;
			buildSettings = {
				ASSETCATALOG_COMPILER_APPICON_NAME = AppIcon;
				CODE_SIGN_STYLE = Automatic;
				DEVELOPMENT_TEAM = K89GKBEV27;
				INFOPLIST_FILE = "Money Mom/Info.plist";
				LD_RUNPATH_SEARCH_PATHS = "$(inherited) @executable_path/Frameworks";
				PRODUCT_BUNDLE_IDENTIFIER = "me.shavenking.Money-Mom";
				PRODUCT_NAME = "$(TARGET_NAME)";
				SWIFT_VERSION = 4.0;
				TARGETED_DEVICE_FAMILY = "1,2";
			};
			name = Release;
		};
/* End XCBuildConfiguration section */

/* Begin XCConfigurationList section */
		2D2462881FE0FA8600713092 /* Build configuration list for PBXProject "Money Mom" */ = {
			isa = XCConfigurationList;
			buildConfigurations = (
				2D24629D1FE0FA8600713092 /* Debug */,
				2D24629E1FE0FA8600713092 /* Release */,
			);
			defaultConfigurationIsVisible = 0;
			defaultConfigurationName = Release;
		};
		2D24629F1FE0FA8600713092 /* Build configuration list for PBXNativeTarget "Money Mom" */ = {
			isa = XCConfigurationList;
			buildConfigurations = (
				2D2462A01FE0FA8600713092 /* Debug */,
				2D2462A11FE0FA8600713092 /* Release */,
			);
			defaultConfigurationIsVisible = 0;
			defaultConfigurationName = Release;
		};
/* End XCConfigurationList section */
	};
	rootObject = 2D2462851FE0FA8600713092 /* Project object */;
}
